
Microsoft Visual Studio Solution File, Format Version 12.00
# Visual Studio Version 17
VisualStudioVersion = 17.2.32526.322
MinimumVisualStudioVersion = 10.0.40219.1
Project("{9A19103F-16F7-4668-BE54-9A1E7A4F7556}") = "CustomProgram", "CustomProgram.csproj", "{1716A831-EBF3-4A1D-9120-DA0B7DCCE348}"
EndProject
Global
	GlobalSection(SolutionConfigurationPlatforms) = preSolution
		Debug|Any CPU = Debug|Any CPU
		Release|Any CPU = Release|Any CPU
	EndGlobalSection
	GlobalSection(ProjectConfigurationPlatforms) = postSolution
		{1716A831-EBF3-4A1D-9120-DA0B7DCCE348}.Debug|Any CPU.ActiveCfg = Debug|Any CPU
		{1716A831-EBF3-4A1D-9120-DA0B7DCCE348}.Debug|Any CPU.Build.0 = Debug|Any CPU
		{1716A831-EBF3-4A1D-9120-DA0B7DCCE348}.Release|Any CPU.ActiveCfg = Release|Any CPU
		{1716A831-EBF3-4A1D-9120-DA0B7DCCE348}.Release|Any CPU.Build.0 = Release|Any CPU
	EndGlobalSection
	GlobalSection(SolutionProperties) = preSolution
		HideSolutionNode = FALSE
	EndGlobalSection
	GlobalSection(ExtensibilityGlobals) = postSolution
		SolutionGuid = {87CE919F-5A74-45C3-B261-F6C096086CDD}
	EndGlobalSection
EndGlobal
